
Microsoft Visual Studio Solution File, Format Version 12.00
# Visual Studio Version 16
VisualStudioVersion = 16.0.31410.357
MinimumVisualStudioVersion = 10.0.40219.1
Project("{FAE04EC0-301F-11D3-BF4B-00C04F79EFBC}") = "RPSLS", "RPSLS\RPSLS.csproj", "{56CEBF13-AFBC-49E8-AF57-4E306B5A7FE7}"
EndProject
Global
	GlobalSection(SolutionConfigurationPlatforms) = preSolution
		Debug|Any CPU = Debug|Any CPU
		Release|Any CPU = Release|Any CPU
	EndGlobalSection
	GlobalSection(ProjectConfigurationPlatforms) = postSolution
		{56CEBF13-AFBC-49E8-AF57-4E306B5A7FE7}.Debug|Any CPU.ActiveCfg = Debug|Any CPU
		{56CEBF13-AFBC-49E8-AF57-4E306B5A7FE7}.Debug|Any CPU.Build.0 = Debug|Any CPU
		{56CEBF13-AFBC-49E8-AF57-4E306B5A7FE7}.Release|Any CPU.ActiveCfg = Release|Any CPU
		{56CEBF13-AFBC-49E8-AF57-4E306B5A7FE7}.Release|Any CPU.Build.0 = Release|Any CPU
	EndGlobalSection
	GlobalSection(SolutionProperties) = preSolution
		HideSolutionNode = FALSE
	EndGlobalSection
	GlobalSection(ExtensibilityGlobals) = postSolution
		SolutionGuid = {DD6D94B2-7655-45F7-9A08-8AFA22932C8A}
	EndGlobalSection
EndGlobal
